{
	"name": "@shiyou/module-a",
	"version": "1.0.5",
	"lockfileVersion": 1,
	"requires": true,
	"dependencies": {
		"word-wrap": {
			"version": "1.2.4",
			"resolved": "https://registry.npmjs.org/word-wrap/-/word-wrap-1.2.4.tgz",
			"integrity": "sha512-2V81OA4ugVo5pRo46hAoD2ivUJx8jXmWXfUkY4KFNw0hEptvN0QfH3K4nHiwzGeKl5rFKedV48QVoqYavy4YpA=="
		}
	}
}
